
Microsoft Visual Studio Solution File, Format Version 12.00
# Visual Studio Version 16
VisualStudioVersion = 16.0.31729.503
MinimumVisualStudioVersion = 10.0.40219.1
Project("{FAE04EC0-301F-11D3-BF4B-00C04F79EFBC}") = "CollectionHandson", "CollectionHandson\CollectionHandson.csproj", "{FC507FAC-9D45-4228-A2F2-D3604C5685C5}"
EndProject
Global
	GlobalSection(SolutionConfigurationPlatforms) = preSolution
		Debug|Any CPU = Debug|Any CPU
		Release|Any CPU = Release|Any CPU
	EndGlobalSection
	GlobalSection(ProjectConfigurationPlatforms) = postSolution
		{FC507FAC-9D45-4228-A2F2-D3604C5685C5}.Debug|Any CPU.ActiveCfg = Debug|Any CPU
		{FC507FAC-9D45-4228-A2F2-D3604C5685C5}.Debug|Any CPU.Build.0 = Debug|Any CPU
		{FC507FAC-9D45-4228-A2F2-D3604C5685C5}.Release|Any CPU.ActiveCfg = Release|Any CPU
		{FC507FAC-9D45-4228-A2F2-D3604C5685C5}.Release|Any CPU.Build.0 = Release|Any CPU
	EndGlobalSection
	GlobalSection(SolutionProperties) = preSolution
		HideSolutionNode = FALSE
	EndGlobalSection
	GlobalSection(ExtensibilityGlobals) = postSolution
		SolutionGuid = {05279341-ECC8-4EC6-9519-D310659C6E39}
	EndGlobalSection
EndGlobal
