
Microsoft Visual Studio Solution File, Format Version 12.00
# Visual Studio Version 16
VisualStudioVersion = 16.0.31729.503
MinimumVisualStudioVersion = 10.0.40219.1
Project("{FAE04EC0-301F-11D3-BF4B-00C04F79EFBC}") = "Delegate17", "Delegate17\Delegate17.csproj", "{AD106FF9-7082-447E-97AC-BB6093278666}"
EndProject
Project("{FAE04EC0-301F-11D3-BF4B-00C04F79EFBC}") = "Employeedelegate", "Employeedelegate\Employeedelegate.csproj", "{3E7E381B-88CB-4F58-8665-C6893F67CF48}"
EndProject
Global
	GlobalSection(SolutionConfigurationPlatforms) = preSolution
		Debug|Any CPU = Debug|Any CPU
		Release|Any CPU = Release|Any CPU
	EndGlobalSection
	GlobalSection(ProjectConfigurationPlatforms) = postSolution
		{AD106FF9-7082-447E-97AC-BB6093278666}.Debug|Any CPU.ActiveCfg = Debug|Any CPU
		{AD106FF9-7082-447E-97AC-BB6093278666}.Debug|Any CPU.Build.0 = Debug|Any CPU
		{AD106FF9-7082-447E-97AC-BB6093278666}.Release|Any CPU.ActiveCfg = Release|Any CPU
		{AD106FF9-7082-447E-97AC-BB6093278666}.Release|Any CPU.Build.0 = Release|Any CPU
		{3E7E381B-88CB-4F58-8665-C6893F67CF48}.Debug|Any CPU.ActiveCfg = Debug|Any CPU
		{3E7E381B-88CB-4F58-8665-C6893F67CF48}.Debug|Any CPU.Build.0 = Debug|Any CPU
		{3E7E381B-88CB-4F58-8665-C6893F67CF48}.Release|Any CPU.ActiveCfg = Release|Any CPU
		{3E7E381B-88CB-4F58-8665-C6893F67CF48}.Release|Any CPU.Build.0 = Release|Any CPU
	EndGlobalSection
	GlobalSection(SolutionProperties) = preSolution
		HideSolutionNode = FALSE
	EndGlobalSection
	GlobalSection(ExtensibilityGlobals) = postSolution
		SolutionGuid = {777A4134-144E-4F33-A2CF-62DA67212A62}
	EndGlobalSection
EndGlobal
