
Microsoft Visual Studio Solution File, Format Version 12.00
# Visual Studio Version 16
VisualStudioVersion = 16.0.31729.503
MinimumVisualStudioVersion = 10.0.40219.1
Project("{FAE04EC0-301F-11D3-BF4B-00C04F79EFBC}") = "console2", "classLaptop\console2.csproj", "{78726E4F-9E24-4095-826B-17CF281437D1}"
EndProject
Global
	GlobalSection(SolutionConfigurationPlatforms) = preSolution
		Debug|Any CPU = Debug|Any CPU
		Release|Any CPU = Release|Any CPU
	EndGlobalSection
	GlobalSection(ProjectConfigurationPlatforms) = postSolution
		{78726E4F-9E24-4095-826B-17CF281437D1}.Debug|Any CPU.ActiveCfg = Debug|Any CPU
		{78726E4F-9E24-4095-826B-17CF281437D1}.Debug|Any CPU.Build.0 = Debug|Any CPU
		{78726E4F-9E24-4095-826B-17CF281437D1}.Release|Any CPU.ActiveCfg = Release|Any CPU
		{78726E4F-9E24-4095-826B-17CF281437D1}.Release|Any CPU.Build.0 = Release|Any CPU
	EndGlobalSection
	GlobalSection(SolutionProperties) = preSolution
		HideSolutionNode = FALSE
	EndGlobalSection
	GlobalSection(ExtensibilityGlobals) = postSolution
		SolutionGuid = {F86205ED-2604-464B-A8A4-B45CD6C37BC5}
	EndGlobalSection
EndGlobal
